
Microsoft Visual Studio Solution File, Format Version 12.00
# Visual Studio 15
VisualStudioVersion = 15.0.28307.421
MinimumVisualStudioVersion = 10.0.40219.1
Project("{FAE04EC0-301F-11D3-BF4B-00C04F79EFBC}") = "Milestone4ClickableCell", "Milestone4ClickableCell\Milestone4ClickableCell.csproj", "{A3F436D9-122D-4AA7-88AF-1FA888D3E9DD}"
EndProject
Global
	GlobalSection(SolutionConfigurationPlatforms) = preSolution
		Debug|Any CPU = Debug|Any CPU
		Release|Any CPU = Release|Any CPU
	EndGlobalSection
	GlobalSection(ProjectConfigurationPlatforms) = postSolution
		{A3F436D9-122D-4AA7-88AF-1FA888D3E9DD}.Debug|Any CPU.ActiveCfg = Debug|Any CPU
		{A3F436D9-122D-4AA7-88AF-1FA888D3E9DD}.Debug|Any CPU.Build.0 = Debug|Any CPU
		{A3F436D9-122D-4AA7-88AF-1FA888D3E9DD}.Release|Any CPU.ActiveCfg = Release|Any CPU
		{A3F436D9-122D-4AA7-88AF-1FA888D3E9DD}.Release|Any CPU.Build.0 = Release|Any CPU
	EndGlobalSection
	GlobalSection(SolutionProperties) = preSolution
		HideSolutionNode = FALSE
	EndGlobalSection
	GlobalSection(ExtensibilityGlobals) = postSolution
		SolutionGuid = {82CAC9D5-E89C-4B53-8F53-160C332EA23D}
	EndGlobalSection
EndGlobal
